
Microsoft Visual Studio Solution File, Format Version 12.00
# Visual Studio Version 17
VisualStudioVersion = 17.0.31903.59
MinimumVisualStudioVersion = 10.0.40219.1
Project("{FAE04EC0-301F-11D3-BF4B-00C04F79EFBC}") = "Brysageek.Grid", "Brysageek.Grid\Brysageek.Grid.csproj", "{D8E369C4-5700-4287-BD36-B90B4BE51C80}"
EndProject
Project("{FAE04EC0-301F-11D3-BF4B-00C04F79EFBC}") = "Brysageek.Grid.Web", "Brysageek.Grid.Web\Brysageek.Grid.Web.csproj", "{DD62A261-6D1E-46CB-948F-C94038AC23AA}"
EndProject
Global
	GlobalSection(SolutionConfigurationPlatforms) = preSolution
		Debug|Any CPU = Debug|Any CPU
		Release|Any CPU = Release|Any CPU
	EndGlobalSection
	GlobalSection(ProjectConfigurationPlatforms) = postSolution
		{D8E369C4-5700-4287-BD36-B90B4BE51C80}.Debug|Any CPU.ActiveCfg = Debug|Any CPU
		{D8E369C4-5700-4287-BD36-B90B4BE51C80}.Debug|Any CPU.Build.0 = Debug|Any CPU
		{D8E369C4-5700-4287-BD36-B90B4BE51C80}.Release|Any CPU.ActiveCfg = Release|Any CPU
		{D8E369C4-5700-4287-BD36-B90B4BE51C80}.Release|Any CPU.Build.0 = Release|Any CPU
		{DD62A261-6D1E-46CB-948F-C94038AC23AA}.Debug|Any CPU.ActiveCfg = Debug|Any CPU
		{DD62A261-6D1E-46CB-948F-C94038AC23AA}.Debug|Any CPU.Build.0 = Debug|Any CPU
		{DD62A261-6D1E-46CB-948F-C94038AC23AA}.Release|Any CPU.ActiveCfg = Release|Any CPU
		{DD62A261-6D1E-46CB-948F-C94038AC23AA}.Release|Any CPU.Build.0 = Release|Any CPU
	EndGlobalSection
	GlobalSection(SolutionProperties) = preSolution
		HideSolutionNode = FALSE
	EndGlobalSection
EndGlobal
